
Microsoft Visual Studio Solution File, Format Version 12.00
# Visual Studio Version 17
VisualStudioVersion = 17.4.33213.308
MinimumVisualStudioVersion = 10.0.40219.1
Project("{9A19103F-16F7-4668-BE54-9A1E7A4F7556}") = "PakScraper", "src\PakScraper.csproj", "{1D5CE25F-056C-4217-95A3-D82523DF4AEC}"
EndProject
Project("{9A19103F-16F7-4668-BE54-9A1E7A4F7556}") = "PakScraperTests", "tests\PakScraperTests.csproj", "{14121C1F-26BD-4224-B873-2BFB1EDA0883}"
EndProject
Global
	GlobalSection(SolutionConfigurationPlatforms) = preSolution
		Debug|Any CPU = Debug|Any CPU
		Release|Any CPU = Release|Any CPU
	EndGlobalSection
	GlobalSection(ProjectConfigurationPlatforms) = postSolution
		{1D5CE25F-056C-4217-95A3-D82523DF4AEC}.Debug|Any CPU.ActiveCfg = Debug|Any CPU
		{1D5CE25F-056C-4217-95A3-D82523DF4AEC}.Debug|Any CPU.Build.0 = Debug|Any CPU
		{1D5CE25F-056C-4217-95A3-D82523DF4AEC}.Release|Any CPU.ActiveCfg = Release|Any CPU
		{1D5CE25F-056C-4217-95A3-D82523DF4AEC}.Release|Any CPU.Build.0 = Release|Any CPU
		{14121C1F-26BD-4224-B873-2BFB1EDA0883}.Debug|Any CPU.ActiveCfg = Debug|Any CPU
		{14121C1F-26BD-4224-B873-2BFB1EDA0883}.Debug|Any CPU.Build.0 = Debug|Any CPU
		{14121C1F-26BD-4224-B873-2BFB1EDA0883}.Release|Any CPU.ActiveCfg = Release|Any CPU
		{14121C1F-26BD-4224-B873-2BFB1EDA0883}.Release|Any CPU.Build.0 = Release|Any CPU
	EndGlobalSection
	GlobalSection(SolutionProperties) = preSolution
		HideSolutionNode = FALSE
	EndGlobalSection
	GlobalSection(ExtensibilityGlobals) = postSolution
		SolutionGuid = {1E64312F-5281-429B-83F1-B8323CC4B2BA}
	EndGlobalSection
EndGlobal
